
Microsoft Visual Studio Solution File, Format Version 12.00
# Visual Studio Version 17
VisualStudioVersion = 17.5.33424.131
MinimumVisualStudioVersion = 10.0.40219.1
Project("{FAE04EC0-301F-11D3-BF4B-00C04F79EFBC}") = "Skolinlämning", "Skolinlämning\Skolinlämning.csproj", "{9078F4EA-DCF5-408F-8D71-68C52C0BECAE}"
EndProject
Global
	GlobalSection(SolutionConfigurationPlatforms) = preSolution
		Debug|Any CPU = Debug|Any CPU
		Release|Any CPU = Release|Any CPU
	EndGlobalSection
	GlobalSection(ProjectConfigurationPlatforms) = postSolution
		{9078F4EA-DCF5-408F-8D71-68C52C0BECAE}.Debug|Any CPU.ActiveCfg = Debug|Any CPU
		{9078F4EA-DCF5-408F-8D71-68C52C0BECAE}.Debug|Any CPU.Build.0 = Debug|Any CPU
		{9078F4EA-DCF5-408F-8D71-68C52C0BECAE}.Release|Any CPU.ActiveCfg = Release|Any CPU
		{9078F4EA-DCF5-408F-8D71-68C52C0BECAE}.Release|Any CPU.Build.0 = Release|Any CPU
	EndGlobalSection
	GlobalSection(SolutionProperties) = preSolution
		HideSolutionNode = FALSE
	EndGlobalSection
	GlobalSection(ExtensibilityGlobals) = postSolution
		SolutionGuid = {BADBCD27-DED1-491B-9925-1F0944166582}
	EndGlobalSection
EndGlobal
